{
  "pins" : [
    {
      "identity" : "swift-deepar",
      "kind" : "remoteSourceControl",
      "location" : "https://github.com/DeepARSDK/swift-deepar",
      "state" : {
        "revision" : "6001506c6a0b2695bc7ec0c3d0cb5c4cfeab9d03",
        "version" : "5.4.3"
      }
    }
  ],
  "version" : 2
}
