{
  "pins" : [
    {
      "identity" : "swift-deepar",
      "kind" : "remoteSourceControl",
      "location" : "https://github.com/DeepARSDK/swift-deepar",
      "state" : {
        "revision" : "70c6f4812c303d0c12fc40653ada4f090fc94c22",
        "version" : "5.4.4"
      }
    }
  ],
  "version" : 2
}
