// !$*UTF8*$!
{
	archiveVersion = 1;
	classes = {
	};
	objectVersion = 52;
	objects = {

/* Begin PBXBuildFile section */
		19FB9DA5239E65ED0056E3AB /* AppDelegate.swift in Sources */ = {isa = PBXBuildFile; fileRef = 19FB9DA4239E65ED0056E3AB /* AppDelegate.swift */; };
		19FB9DA9239E65ED0056E3AB /* ViewController.swift in Sources */ = {isa = PBXBuildFile; fileRef = 19FB9DA8239E65ED0056E3AB /* ViewController.swift */; };
		19FB9DAC239E65ED0056E3AB /* Main.storyboard in Resources */ = {isa = PBXBuildFile; fileRef = 19FB9DAA239E65ED0056E3AB /* Main.storyboard */; };
		19FB9DAE239E65EE0056E3AB /* Assets.xcassets in Resources */ = {isa = PBXBuildFile; fileRef = 19FB9DAD239E65EE0056E3AB /* Assets.xcassets */; };
		19FB9DB1239E65EE0056E3AB /* LaunchScreen.storyboard in Resources */ = {isa = PBXBuildFile; fileRef = 19FB9DAF239E65EE0056E3AB /* LaunchScreen.storyboard */; };
		662DAA532A65E36D002DE21D /* DeepAR in Frameworks */ = {isa = PBXBuildFile; productRef = 662DAA522A65E36D002DE21D /* DeepAR */; };
		8DF1C83C2852328C002E231B /* Vendetta_Mask.deepar in Resources */ = {isa = PBXBuildFile; fileRef = 8DF1C82A2852328B002E231B /* Vendetta_Mask.deepar */; };
		8DF1C83D2852328C002E231B /* Humanoid.deepar in Resources */ = {isa = PBXBuildFile; fileRef = 8DF1C82B2852328B002E231B /* Humanoid.deepar */; };
		8DF1C83E2852328C002E231B /* Fire_Effect.deepar in Resources */ = {isa = PBXBuildFile; fileRef = 8DF1C82C2852328B002E231B /* Fire_Effect.deepar */; };
		8DF1C83F2852328C002E231B /* Neon_Devil_Horns.deepar in Resources */ = {isa = PBXBuildFile; fileRef = 8DF1C82D2852328B002E231B /* Neon_Devil_Horns.deepar */; };
		8DF1C8402852328C002E231B /* Hope.deepar in Resources */ = {isa = PBXBuildFile; fileRef = 8DF1C82E2852328B002E231B /* Hope.deepar */; };
		8DF1C8412852328C002E231B /* MakeupLook.deepar in Resources */ = {isa = PBXBuildFile; fileRef = 8DF1C82F2852328B002E231B /* MakeupLook.deepar */; };
		8DF1C8422852328C002E231B /* Split_View_Look.deepar in Resources */ = {isa = PBXBuildFile; fileRef = 8DF1C8302852328B002E231B /* Split_View_Look.deepar */; };
		8DF1C8432852328C002E231B /* viking_helmet.deepar in Resources */ = {isa = PBXBuildFile; fileRef = 8DF1C8312852328B002E231B /* viking_helmet.deepar */; };
		8DF1C8442852328C002E231B /* Emotion_Meter.deepar in Resources */ = {isa = PBXBuildFile; fileRef = 8DF1C8322852328C002E231B /* Emotion_Meter.deepar */; };
		8DF1C8452852328C002E231B /* Emotions_Exaggerator.deepar in Resources */ = {isa = PBXBuildFile; fileRef = 8DF1C8332852328C002E231B /* Emotions_Exaggerator.deepar */; };
		8DF1C8462852328C002E231B /* flower_face.deepar in Resources */ = {isa = PBXBuildFile; fileRef = 8DF1C8342852328C002E231B /* flower_face.deepar */; };
		8DF1C8472852328C002E231B /* burning_effect.deepar in Resources */ = {isa = PBXBuildFile; fileRef = 8DF1C8352852328C002E231B /* burning_effect.deepar */; };
		8DF1C8482852328C002E231B /* Elephant_Trunk.deepar in Resources */ = {isa = PBXBuildFile; fileRef = 8DF1C8362852328C002E231B /* Elephant_Trunk.deepar */; };
		8DF1C8492852328C002E231B /* Ping_Pong.deepar in Resources */ = {isa = PBXBuildFile; fileRef = 8DF1C8372852328C002E231B /* Ping_Pong.deepar */; };
		8DF1C84A2852328C002E231B /* Snail.deepar in Resources */ = {isa = PBXBuildFile; fileRef = 8DF1C8382852328C002E231B /* Snail.deepar */; };
		8DF1C84B2852328C002E231B /* Stallone.deepar in Resources */ = {isa = PBXBuildFile; fileRef = 8DF1C8392852328C002E231B /* Stallone.deepar */; };
		8DF1C84C2852328C002E231B /* galaxy_background.deepar in Resources */ = {isa = PBXBuildFile; fileRef = 8DF1C83A2852328C002E231B /* galaxy_background.deepar */; };
		8DF1C84D2852328C002E231B /* Pixel_Hearts.deepar in Resources */ = {isa = PBXBuildFile; fileRef = 8DF1C83B2852328C002E231B /* Pixel_Hearts.deepar */; };
		9A49710124FE579800DD9C86 /* StartViewController.swift in Sources */ = {isa = PBXBuildFile; fileRef = 9A49710024FE579800DD9C86 /* StartViewController.swift */; };
/* End PBXBuildFile section */

/* Begin PBXCopyFilesBuildPhase section */
		9A34D6D72429622A00FE3662 /* Embed Frameworks */ = {
			isa = PBXCopyFilesBuildPhase;
			buildActionMask = 2147483647;
			dstPath = "";
			dstSubfolderSpec = 10;
			files = (
			);
			name = "Embed Frameworks";
			runOnlyForDeploymentPostprocessing = 0;
		};
/* End PBXCopyFilesBuildPhase section */

/* Begin PBXFileReference section */
		19FB9DA1239E65EC0056E3AB /* quickstart-ios-swift.app */ = {isa = PBXFileReference; explicitFileType = wrapper.application; includeInIndex = 0; path = "quickstart-ios-swift.app"; sourceTree = BUILT_PRODUCTS_DIR; };
		19FB9DA4239E65ED0056E3AB /* AppDelegate.swift */ = {isa = PBXFileReference; lastKnownFileType = sourcecode.swift; path = AppDelegate.swift; sourceTree = "<group>"; };
		19FB9DA8239E65ED0056E3AB /* ViewController.swift */ = {isa = PBXFileReference; lastKnownFileType = sourcecode.swift; path = ViewController.swift; sourceTree = "<group>"; };
		19FB9DAB239E65ED0056E3AB /* Base */ = {isa = PBXFileReference; lastKnownFileType = file.storyboard; name = Base; path = Base.lproj/Main.storyboard; sourceTree = "<group>"; };
		19FB9DAD239E65EE0056E3AB /* Assets.xcassets */ = {isa = PBXFileReference; lastKnownFileType = folder.assetcatalog; path = Assets.xcassets; sourceTree = "<group>"; };
		19FB9DB0239E65EE0056E3AB /* Base */ = {isa = PBXFileReference; lastKnownFileType = file.storyboard; name = Base; path = Base.lproj/LaunchScreen.storyboard; sourceTree = "<group>"; };
		19FB9DB2239E65EE0056E3AB /* Info.plist */ = {isa = PBXFileReference; lastKnownFileType = text.plist.xml; path = Info.plist; sourceTree = "<group>"; };
		8DF1C82A2852328B002E231B /* Vendetta_Mask.deepar */ = {isa = PBXFileReference; lastKnownFileType = file; path = Vendetta_Mask.deepar; sourceTree = "<group>"; };
		8DF1C82B2852328B002E231B /* Humanoid.deepar */ = {isa = PBXFileReference; lastKnownFileType = file; path = Humanoid.deepar; sourceTree = "<group>"; };
		8DF1C82C2852328B002E231B /* Fire_Effect.deepar */ = {isa = PBXFileReference; lastKnownFileType = file; path = Fire_Effect.deepar; sourceTree = "<group>"; };
		8DF1C82D2852328B002E231B /* Neon_Devil_Horns.deepar */ = {isa = PBXFileReference; lastKnownFileType = file; path = Neon_Devil_Horns.deepar; sourceTree = "<group>"; };
		8DF1C82E2852328B002E231B /* Hope.deepar */ = {isa = PBXFileReference; lastKnownFileType = file; path = Hope.deepar; sourceTree = "<group>"; };
		8DF1C82F2852328B002E231B /* MakeupLook.deepar */ = {isa = PBXFileReference; lastKnownFileType = file; path = MakeupLook.deepar; sourceTree = "<group>"; };
		8DF1C8302852328B002E231B /* Split_View_Look.deepar */ = {isa = PBXFileReference; lastKnownFileType = file; path = Split_View_Look.deepar; sourceTree = "<group>"; };
		8DF1C8312852328B002E231B /* viking_helmet.deepar */ = {isa = PBXFileReference; lastKnownFileType = file; path = viking_helmet.deepar; sourceTree = "<group>"; };
		8DF1C8322852328C002E231B /* Emotion_Meter.deepar */ = {isa = PBXFileReference; lastKnownFileType = file; path = Emotion_Meter.deepar; sourceTree = "<group>"; };
		8DF1C8332852328C002E231B /* Emotions_Exaggerator.deepar */ = {isa = PBXFileReference; lastKnownFileType = file; path = Emotions_Exaggerator.deepar; sourceTree = "<group>"; };
		8DF1C8342852328C002E231B /* flower_face.deepar */ = {isa = PBXFileReference; lastKnownFileType = file; path = flower_face.deepar; sourceTree = "<group>"; };
		8DF1C8352852328C002E231B /* burning_effect.deepar */ = {isa = PBXFileReference; lastKnownFileType = file; path = burning_effect.deepar; sourceTree = "<group>"; };
		8DF1C8362852328C002E231B /* Elephant_Trunk.deepar */ = {isa = PBXFileReference; lastKnownFileType = file; path = Elephant_Trunk.deepar; sourceTree = "<group>"; };
		8DF1C8372852328C002E231B /* Ping_Pong.deepar */ = {isa = PBXFileReference; lastKnownFileType = file; path = Ping_Pong.deepar; sourceTree = "<group>"; };
		8DF1C8382852328C002E231B /* Snail.deepar */ = {isa = PBXFileReference; lastKnownFileType = file; path = Snail.deepar; sourceTree = "<group>"; };
		8DF1C8392852328C002E231B /* Stallone.deepar */ = {isa = PBXFileReference; lastKnownFileType = file; path = Stallone.deepar; sourceTree = "<group>"; };
		8DF1C83A2852328C002E231B /* galaxy_background.deepar */ = {isa = PBXFileReference; lastKnownFileType = file; path = galaxy_background.deepar; sourceTree = "<group>"; };
		8DF1C83B2852328C002E231B /* Pixel_Hearts.deepar */ = {isa = PBXFileReference; lastKnownFileType = file; path = Pixel_Hearts.deepar; sourceTree = "<group>"; };
		9A49710024FE579800DD9C86 /* StartViewController.swift */ = {isa = PBXFileReference; lastKnownFileType = sourcecode.swift; path = StartViewController.swift; sourceTree = "<group>"; };
/* End PBXFileReference section */

/* Begin PBXFrameworksBuildPhase section */
		19FB9D9E239E65EC0056E3AB /* Frameworks */ = {
			isa = PBXFrameworksBuildPhase;
			buildActionMask = 2147483647;
			files = (
				662DAA532A65E36D002DE21D /* DeepAR in Frameworks */,
			);
			runOnlyForDeploymentPostprocessing = 0;
		};
/* End PBXFrameworksBuildPhase section */

/* Begin PBXGroup section */
		198B5D5C239FDE4F0035E21B /* Effects */ = {
			isa = PBXGroup;
			children = (
				8DF1C83B2852328C002E231B /* Pixel_Hearts.deepar */,
				8DF1C8352852328C002E231B /* burning_effect.deepar */,
				8DF1C8362852328C002E231B /* Elephant_Trunk.deepar */,
				8DF1C8322852328C002E231B /* Emotion_Meter.deepar */,
				8DF1C8332852328C002E231B /* Emotions_Exaggerator.deepar */,
				8DF1C82C2852328B002E231B /* Fire_Effect.deepar */,
				8DF1C8342852328C002E231B /* flower_face.deepar */,
				8DF1C83A2852328C002E231B /* galaxy_background.deepar */,
				8DF1C82E2852328B002E231B /* Hope.deepar */,
				8DF1C82B2852328B002E231B /* Humanoid.deepar */,
				8DF1C82F2852328B002E231B /* MakeupLook.deepar */,
				8DF1C82D2852328B002E231B /* Neon_Devil_Horns.deepar */,
				8DF1C8372852328C002E231B /* Ping_Pong.deepar */,
				8DF1C8382852328C002E231B /* Snail.deepar */,
				8DF1C8302852328B002E231B /* Split_View_Look.deepar */,
				8DF1C8392852328C002E231B /* Stallone.deepar */,
				8DF1C82A2852328B002E231B /* Vendetta_Mask.deepar */,
				8DF1C8312852328B002E231B /* viking_helmet.deepar */,
			);
			path = Effects;
			sourceTree = "<group>";
		};
		19FB9D98239E65EC0056E3AB = {
			isa = PBXGroup;
			children = (
				19FB9DA3239E65ED0056E3AB /* quickstart-ios-swift */,
				19FB9DA2239E65EC0056E3AB /* Products */,
			);
			sourceTree = "<group>";
		};
		19FB9DA2239E65EC0056E3AB /* Products */ = {
			isa = PBXGroup;
			children = (
				19FB9DA1239E65EC0056E3AB /* quickstart-ios-swift.app */,
			);
			name = Products;
			sourceTree = "<group>";
		};
		19FB9DA3239E65ED0056E3AB /* quickstart-ios-swift */ = {
			isa = PBXGroup;
			children = (
				198B5D5C239FDE4F0035E21B /* Effects */,
				19FB9DA4239E65ED0056E3AB /* AppDelegate.swift */,
				9A49710024FE579800DD9C86 /* StartViewController.swift */,
				19FB9DA8239E65ED0056E3AB /* ViewController.swift */,
				19FB9DAA239E65ED0056E3AB /* Main.storyboard */,
				19FB9DAD239E65EE0056E3AB /* Assets.xcassets */,
				19FB9DAF239E65EE0056E3AB /* LaunchScreen.storyboard */,
				19FB9DB2239E65EE0056E3AB /* Info.plist */,
			);
			path = "quickstart-ios-swift";
			sourceTree = "<group>";
		};
/* End PBXGroup section */

/* Begin PBXNativeTarget section */
		19FB9DA0239E65EC0056E3AB /* quickstart-ios-swift */ = {
			isa = PBXNativeTarget;
			buildConfigurationList = 19FB9DB5239E65EE0056E3AB /* Build configuration list for PBXNativeTarget "quickstart-ios-swift" */;
			buildPhases = (
				19FB9D9D239E65EC0056E3AB /* Sources */,
				19FB9D9E239E65EC0056E3AB /* Frameworks */,
				19FB9D9F239E65EC0056E3AB /* Resources */,
				9A34D6D72429622A00FE3662 /* Embed Frameworks */,
			);
			buildRules = (
			);
			dependencies = (
			);
			name = "quickstart-ios-swift";
			packageProductDependencies = (
				662DAA522A65E36D002DE21D /* DeepAR */,
			);
			productName = "quickstart-ios-swift";
			productReference = 19FB9DA1239E65EC0056E3AB /* quickstart-ios-swift.app */;
			productType = "com.apple.product-type.application";
		};
/* End PBXNativeTarget section */

/* Begin PBXProject section */
		19FB9D99239E65EC0056E3AB /* Project object */ = {
			isa = PBXProject;
			attributes = {
				LastSwiftUpdateCheck = 1120;
				LastUpgradeCheck = 1120;
				ORGANIZATIONNAME = "Lara Vertlberg";
				TargetAttributes = {
					19FB9DA0239E65EC0056E3AB = {
						CreatedOnToolsVersion = 11.2.1;
					};
				};
			};
			buildConfigurationList = 19FB9D9C239E65EC0056E3AB /* Build configuration list for PBXProject "quickstart-ios-swift" */;
			compatibilityVersion = "Xcode 9.3";
			developmentRegion = en;
			hasScannedForEncodings = 0;
			knownRegions = (
				en,
				Base,
			);
			mainGroup = 19FB9D98239E65EC0056E3AB;
			packageReferences = (
				662DAA512A65E36D002DE21D /* XCRemoteSwiftPackageReference "swift-deepar" */,
			);
			productRefGroup = 19FB9DA2239E65EC0056E3AB /* Products */;
			projectDirPath = "";
			projectRoot = "";
			targets = (
				19FB9DA0239E65EC0056E3AB /* quickstart-ios-swift */,
			);
		};
/* End PBXProject section */

/* Begin PBXResourcesBuildPhase section */
		19FB9D9F239E65EC0056E3AB /* Resources */ = {
			isa = PBXResourcesBuildPhase;
			buildActionMask = 2147483647;
			files = (
				8DF1C84C2852328C002E231B /* galaxy_background.deepar in Resources */,
				19FB9DB1239E65EE0056E3AB /* LaunchScreen.storyboard in Resources */,
				8DF1C83F2852328C002E231B /* Neon_Devil_Horns.deepar in Resources */,
				8DF1C84D2852328C002E231B /* Pixel_Hearts.deepar in Resources */,
				8DF1C8442852328C002E231B /* Emotion_Meter.deepar in Resources */,
				8DF1C8432852328C002E231B /* viking_helmet.deepar in Resources */,
				8DF1C83C2852328C002E231B /* Vendetta_Mask.deepar in Resources */,
				19FB9DAE239E65EE0056E3AB /* Assets.xcassets in Resources */,
				8DF1C84B2852328C002E231B /* Stallone.deepar in Resources */,
				8DF1C84A2852328C002E231B /* Snail.deepar in Resources */,
				8DF1C8472852328C002E231B /* burning_effect.deepar in Resources */,
				19FB9DAC239E65ED0056E3AB /* Main.storyboard in Resources */,
				8DF1C8482852328C002E231B /* Elephant_Trunk.deepar in Resources */,
				8DF1C83D2852328C002E231B /* Humanoid.deepar in Resources */,
				8DF1C8462852328C002E231B /* flower_face.deepar in Resources */,
				8DF1C8452852328C002E231B /* Emotions_Exaggerator.deepar in Resources */,
				8DF1C8412852328C002E231B /* MakeupLook.deepar in Resources */,
				8DF1C8492852328C002E231B /* Ping_Pong.deepar in Resources */,
				8DF1C8402852328C002E231B /* Hope.deepar in Resources */,
				8DF1C83E2852328C002E231B /* Fire_Effect.deepar in Resources */,
				8DF1C8422852328C002E231B /* Split_View_Look.deepar in Resources */,
			);
			runOnlyForDeploymentPostprocessing = 0;
		};
/* End PBXResourcesBuildPhase section */

/* Begin PBXSourcesBuildPhase section */
		19FB9D9D239E65EC0056E3AB /* Sources */ = {
			isa = PBXSourcesBuildPhase;
			buildActionMask = 2147483647;
			files = (
				19FB9DA9239E65ED0056E3AB /* ViewController.swift in Sources */,
				19FB9DA5239E65ED0056E3AB /* AppDelegate.swift in Sources */,
				9A49710124FE579800DD9C86 /* StartViewController.swift in Sources */,
			);
			runOnlyForDeploymentPostprocessing = 0;
		};
/* End PBXSourcesBuildPhase section */

/* Begin PBXVariantGroup section */
		19FB9DAA239E65ED0056E3AB /* Main.storyboard */ = {
			isa = PBXVariantGroup;
			children = (
				19FB9DAB239E65ED0056E3AB /* Base */,
			);
			name = Main.storyboard;
			sourceTree = "<group>";
		};
		19FB9DAF239E65EE0056E3AB /* LaunchScreen.storyboard */ = {
			isa = PBXVariantGroup;
			children = (
				19FB9DB0239E65EE0056E3AB /* Base */,
			);
			name = LaunchScreen.storyboard;
			sourceTree = "<group>";
		};
/* End PBXVariantGroup section */

/* Begin XCBuildConfiguration section */
		19FB9DB3239E65EE0056E3AB /* Debug */ = {
			isa = XCBuildConfiguration;
			buildSettings = {
				ALWAYS_SEARCH_USER_PATHS = NO;
				CLANG_ANALYZER_NONNULL = YES;
				CLANG_ANALYZER_NUMBER_OBJECT_CONVERSION = YES_AGGRESSIVE;
				CLANG_CXX_LANGUAGE_STANDARD = "gnu++14";
				CLANG_CXX_LIBRARY = "libc++";
				CLANG_ENABLE_MODULES = YES;
				CLANG_ENABLE_OBJC_ARC = YES;
				CLANG_ENABLE_OBJC_WEAK = YES;
				CLANG_WARN_BLOCK_CAPTURE_AUTORELEASING = YES;
				CLANG_WARN_BOOL_CONVERSION = YES;
				CLANG_WARN_COMMA = YES;
				CLANG_WARN_CONSTANT_CONVERSION = YES;
				CLANG_WARN_DEPRECATED_OBJC_IMPLEMENTATIONS = YES;
				CLANG_WARN_DIRECT_OBJC_ISA_USAGE = YES_ERROR;
				CLANG_WARN_DOCUMENTATION_COMMENTS = YES;
				CLANG_WARN_EMPTY_BODY = YES;
				CLANG_WARN_ENUM_CONVERSION = YES;
				CLANG_WARN_INFINITE_RECURSION = YES;
				CLANG_WARN_INT_CONVERSION = YES;
				CLANG_WARN_NON_LITERAL_NULL_CONVERSION = YES;
				CLANG_WARN_OBJC_IMPLICIT_RETAIN_SELF = YES;
				CLANG_WARN_OBJC_LITERAL_CONVERSION = YES;
				CLANG_WARN_OBJC_ROOT_CLASS = YES_ERROR;
				CLANG_WARN_RANGE_LOOP_ANALYSIS = YES;
				CLANG_WARN_STRICT_PROTOTYPES = YES;
				CLANG_WARN_SUSPICIOUS_MOVE = YES;
				CLANG_WARN_UNGUARDED_AVAILABILITY = YES_AGGRESSIVE;
				CLANG_WARN_UNREACHABLE_CODE = YES;
				CLANG_WARN__DUPLICATE_METHOD_MATCH = YES;
				COPY_PHASE_STRIP = NO;
				DEBUG_INFORMATION_FORMAT = dwarf;
				ENABLE_STRICT_OBJC_MSGSEND = YES;
				ENABLE_TESTABILITY = YES;
				GCC_C_LANGUAGE_STANDARD = gnu11;
				GCC_DYNAMIC_NO_PIC = NO;
				GCC_NO_COMMON_BLOCKS = YES;
				GCC_OPTIMIZATION_LEVEL = 0;
				GCC_PREPROCESSOR_DEFINITIONS = (
					"DEBUG=1",
					"$(inherited)",
				);
				GCC_WARN_64_TO_32_BIT_CONVERSION = YES;
				GCC_WARN_ABOUT_RETURN_TYPE = YES_ERROR;
				GCC_WARN_UNDECLARED_SELECTOR = YES;
				GCC_WARN_UNINITIALIZED_AUTOS = YES_AGGRESSIVE;
				GCC_WARN_UNUSED_FUNCTION = YES;
				GCC_WARN_UNUSED_VARIABLE = YES;
				IPHONEOS_DEPLOYMENT_TARGET = 13.2;
				MTL_ENABLE_DEBUG_INFO = INCLUDE_SOURCE;
				MTL_FAST_MATH = YES;
				ONLY_ACTIVE_ARCH = YES;
				SDKROOT = iphoneos;
				SWIFT_ACTIVE_COMPILATION_CONDITIONS = DEBUG;
				SWIFT_OPTIMIZATION_LEVEL = "-Onone";
			};
			name = Debug;
		};
		19FB9DB4239E65EE0056E3AB /* Release */ = {
			isa = XCBuildConfiguration;
			buildSettings = {
				ALWAYS_SEARCH_USER_PATHS = NO;
				CLANG_ANALYZER_NONNULL = YES;
				CLANG_ANALYZER_NUMBER_OBJECT_CONVERSION = YES_AGGRESSIVE;
				CLANG_CXX_LANGUAGE_STANDARD = "gnu++14";
				CLANG_CXX_LIBRARY = "libc++";
				CLANG_ENABLE_MODULES = YES;
				CLANG_ENABLE_OBJC_ARC = YES;
				CLANG_ENABLE_OBJC_WEAK = YES;
				CLANG_WARN_BLOCK_CAPTURE_AUTORELEASING = YES;
				CLANG_WARN_BOOL_CONVERSION = YES;
				CLANG_WARN_COMMA = YES;
				CLANG_WARN_CONSTANT_CONVERSION = YES;
				CLANG_WARN_DEPRECATED_OBJC_IMPLEMENTATIONS = YES;
				CLANG_WARN_DIRECT_OBJC_ISA_USAGE = YES_ERROR;
				CLANG_WARN_DOCUMENTATION_COMMENTS = YES;
				CLANG_WARN_EMPTY_BODY = YES;
				CLANG_WARN_ENUM_CONVERSION = YES;
				CLANG_WARN_INFINITE_RECURSION = YES;
				CLANG_WARN_INT_CONVERSION = YES;
				CLANG_WARN_NON_LITERAL_NULL_CONVERSION = YES;
				CLANG_WARN_OBJC_IMPLICIT_RETAIN_SELF = YES;
				CLANG_WARN_OBJC_LITERAL_CONVERSION = YES;
				CLANG_WARN_OBJC_ROOT_CLASS = YES_ERROR;
				CLANG_WARN_RANGE_LOOP_ANALYSIS = YES;
				CLANG_WARN_STRICT_PROTOTYPES = YES;
				CLANG_WARN_SUSPICIOUS_MOVE = YES;
				CLANG_WARN_UNGUARDED_AVAILABILITY = YES_AGGRESSIVE;
				CLANG_WARN_UNREACHABLE_CODE = YES;
				CLANG_WARN__DUPLICATE_METHOD_MATCH = YES;
				COPY_PHASE_STRIP = NO;
				DEBUG_INFORMATION_FORMAT = "dwarf-with-dsym";
				ENABLE_NS_ASSERTIONS = NO;
				ENABLE_STRICT_OBJC_MSGSEND = YES;
				GCC_C_LANGUAGE_STANDARD = gnu11;
				GCC_NO_COMMON_BLOCKS = YES;
				GCC_WARN_64_TO_32_BIT_CONVERSION = YES;
				GCC_WARN_ABOUT_RETURN_TYPE = YES_ERROR;
				GCC_WARN_UNDECLARED_SELECTOR = YES;
				GCC_WARN_UNINITIALIZED_AUTOS = YES_AGGRESSIVE;
				GCC_WARN_UNUSED_FUNCTION = YES;
				GCC_WARN_UNUSED_VARIABLE = YES;
				IPHONEOS_DEPLOYMENT_TARGET = 13.2;
				MTL_ENABLE_DEBUG_INFO = NO;
				MTL_FAST_MATH = YES;
				SDKROOT = iphoneos;
				SWIFT_COMPILATION_MODE = wholemodule;
				SWIFT_OPTIMIZATION_LEVEL = "-O";
				VALIDATE_PRODUCT = YES;
			};
			name = Release;
		};
		19FB9DB6239E65EE0056E3AB /* Debug */ = {
			isa = XCBuildConfiguration;
			buildSettings = {
				ASSETCATALOG_COMPILER_APPICON_NAME = AppIcon;
				CODE_SIGN_STYLE = Automatic;
				DEVELOPMENT_TEAM = "";
				FRAMEWORK_SEARCH_PATHS = (
					"$(inherited)",
					"$(PROJECT_DIR)/quickstart-ios-swift/Frameworks",
					"$(PROJECT_DIR)",
				);
				INFOPLIST_FILE = "quickstart-ios-swift/Info.plist";
				IPHONEOS_DEPLOYMENT_TARGET = 13.4;
				LD_RUNPATH_SEARCH_PATHS = (
					"$(inherited)",
					"@executable_path/Frameworks",
				);
				PRODUCT_BUNDLE_IDENTIFIER = "ai.deepar.quickstart-ios";
				PRODUCT_NAME = "$(TARGET_NAME)";
				SWIFT_VERSION = 5.0;
				TARGETED_DEVICE_FAMILY = "1,2";
			};
			name = Debug;
		};
		19FB9DB7239E65EE0056E3AB /* Release */ = {
			isa = XCBuildConfiguration;
			buildSettings = {
				ASSETCATALOG_COMPILER_APPICON_NAME = AppIcon;
				CODE_SIGN_STYLE = Automatic;
				DEVELOPMENT_TEAM = "";
				FRAMEWORK_SEARCH_PATHS = (
					"$(inherited)",
					"$(PROJECT_DIR)/quickstart-ios-swift/Frameworks",
					"$(PROJECT_DIR)",
				);
				INFOPLIST_FILE = "quickstart-ios-swift/Info.plist";
				IPHONEOS_DEPLOYMENT_TARGET = 13.4;
				LD_RUNPATH_SEARCH_PATHS = (
					"$(inherited)",
					"@executable_path/Frameworks",
				);
				PRODUCT_BUNDLE_IDENTIFIER = "ai.deepar.quickstart-ios";
				PRODUCT_NAME = "$(TARGET_NAME)";
				SWIFT_VERSION = 5.0;
				TARGETED_DEVICE_FAMILY = "1,2";
			};
			name = Release;
		};
/* End XCBuildConfiguration section */

/* Begin XCConfigurationList section */
		19FB9D9C239E65EC0056E3AB /* Build configuration list for PBXProject "quickstart-ios-swift" */ = {
			isa = XCConfigurationList;
			buildConfigurations = (
				19FB9DB3239E65EE0056E3AB /* Debug */,
				19FB9DB4239E65EE0056E3AB /* Release */,
			);
			defaultConfigurationIsVisible = 0;
			defaultConfigurationName = Release;
		};
		19FB9DB5239E65EE0056E3AB /* Build configuration list for PBXNativeTarget "quickstart-ios-swift" */ = {
			isa = XCConfigurationList;
			buildConfigurations = (
				19FB9DB6239E65EE0056E3AB /* Debug */,
				19FB9DB7239E65EE0056E3AB /* Release */,
			);
			defaultConfigurationIsVisible = 0;
			defaultConfigurationName = Release;
		};
/* End XCConfigurationList section */

/* Begin XCRemoteSwiftPackageReference section */
		662DAA512A65E36D002DE21D /* XCRemoteSwiftPackageReference "swift-deepar" */ = {
			isa = XCRemoteSwiftPackageReference;
			repositoryURL = "https://github.com/DeepARSDK/swift-deepar";
			requirement = {
				kind = upToNextMajorVersion;
				minimumVersion = 5.3.0;
			};
		};
/* End XCRemoteSwiftPackageReference section */

/* Begin XCSwiftPackageProductDependency section */
		662DAA522A65E36D002DE21D /* DeepAR */ = {
			isa = XCSwiftPackageProductDependency;
			package = 662DAA512A65E36D002DE21D /* XCRemoteSwiftPackageReference "swift-deepar" */;
			productName = DeepAR;
		};
/* End XCSwiftPackageProductDependency section */
	};
	rootObject = 19FB9D99239E65EC0056E3AB /* Project object */;
}
